
Microsoft Visual Studio Solution File, Format Version 12.00
# Visual Studio Version 16
VisualStudioVersion = 16.0.31624.102
MinimumVisualStudioVersion = 10.0.40219.1
Project("{FAE04EC0-301F-11D3-BF4B-00C04F79EFBC}") = "WebAPIdata", "WebAPIdata\WebAPIdata.csproj", "{BC360DB9-AF72-4427-A041-804341A6D3AE}"
EndProject
Global
	GlobalSection(SolutionConfigurationPlatforms) = preSolution
		Debug|Any CPU = Debug|Any CPU
		Release|Any CPU = Release|Any CPU
	EndGlobalSection
	GlobalSection(ProjectConfigurationPlatforms) = postSolution
		{BC360DB9-AF72-4427-A041-804341A6D3AE}.Debug|Any CPU.ActiveCfg = Debug|Any CPU
		{BC360DB9-AF72-4427-A041-804341A6D3AE}.Debug|Any CPU.Build.0 = Debug|Any CPU
		{BC360DB9-AF72-4427-A041-804341A6D3AE}.Release|Any CPU.ActiveCfg = Release|Any CPU
		{BC360DB9-AF72-4427-A041-804341A6D3AE}.Release|Any CPU.Build.0 = Release|Any CPU
	EndGlobalSection
	GlobalSection(SolutionProperties) = preSolution
		HideSolutionNode = FALSE
	EndGlobalSection
	GlobalSection(ExtensibilityGlobals) = postSolution
		SolutionGuid = {F08D9687-80E5-4BE4-A8E6-EFEFE6E96E12}
	EndGlobalSection
EndGlobal
